{
  "name": "surge",
  "version": "0.23.1",
  "lockfileVersion": 2,
  "requires": true,
  "packages": {
    "": {
      "name": "surge",
      "version": "0.23.1",
      "license": "ISC",
      "dependencies": {
        "cli-table3": "^0.5.1",
        "colors": "1.4.0",
        "inquirer": "^6.2.2",
        "is-domain": "0.0.1",
        "minimist": "1.2.3",
        "moniker": "0.1.2",
        "netrc": "0.1.4",
        "progress": "1.1.8",
        "read": "1.0.5",
        "re